
Microsoft Visual Studio Solution File, Format Version 12.00
# Visual Studio 15
VisualStudioVersion = 15.0.28307.106
MinimumVisualStudioVersion = 10.0.40219.1
Project("{2150E333-8FDC-42A3-9474-1A3956D46DE8}") = "UI", "UI", "{74E6E762-1A8B-4E04-9D52-1786E10280CD}"
EndProject
Project("{2150E333-8FDC-42A3-9474-1A3956D46DE8}") = "Services", "Services", "{809AA02E-5650-4BD9-B9F9-D04B04BD9A56}"
EndProject
Project("{9A19103F-16F7-4668-BE54-9A1E7A4F7556}") = "Theta.Platform.UI.Orders.API", "Theta.Platform.UI.Orders.API\Theta.Platform.UI.Orders.API.csproj", "{9F003029-736E-42A7-9ACF-AD11B0795D8D}"
EndProject
Project("{9A19103F-16F7-4668-BE54-9A1E7A4F7556}") = "Theta.Platform.UI.Pricing.Streaming", "Theta.Platform.UI.Pricing.Streaming\Theta.Platform.UI.Pricing.Streaming.csproj", "{35D0BD80-6443-478B-8F45-D916BBD0FD2D}"
EndProject
Project("{E53339B2-1760-4266-BCC7-CA923CBCF16C}") = "docker-compose", "docker-compose.dcproj", "{C0DDDDC7-DD3C-4DCF-BD76-8D0178929C55}"
EndProject
Project("{9A19103F-16F7-4668-BE54-9A1E7A4F7556}") = "Theta.Platform.UI.Instruments.API", "Theta.Platform.UI.Instruments.API\Theta.Platform.UI.Instruments.API.csproj", "{311C88FF-0F4D-4D74-A9AD-9027D5AD7F5F}"
EndProject
Project("{9A19103F-16F7-4668-BE54-9A1E7A4F7556}") = "Theta.Platform.UI.Orders.API.Tests", "Theta.Platform.UI.Orders.API.Tests\Theta.Platform.UI.Orders.API.Tests.csproj", "{6F9B2E36-D109-4969-954C-6D69682C0C5E}"
EndProject
Project("{9A19103F-16F7-4668-BE54-9A1E7A4F7556}") = "Theta.Platform.UI.Instruments.API.Tests", "Theta.Platform.UI.Instruments.API.Tests\Theta.Platform.UI.Instruments.API.Tests.csproj", "{83A4335C-CEEC-4EAB-8FA0-649ED78B9800}"
EndProject
Project("{9A19103F-16F7-4668-BE54-9A1E7A4F7556}") = "Theta.Platform.UI.Pricing.Streaming.Tests", "Theta.Platform.UI.Pricing.Streaming.Tests\Theta.Platform.UI.Pricing.Streaming.Tests.csproj", "{9C45EB77-9267-4C3A-BCDD-CEED99D7DB3A}"
EndProject
Project("{9A19103F-16F7-4668-BE54-9A1E7A4F7556}") = "Theta.Platform.Order.Management.Service", "Theta.Platform.Order.Management.Service\Theta.Platform.Order.Management.Service.csproj", "{1764CC43-0707-4438-97F9-DECBB6DDED8A}"
EndProject
Project("{9A19103F-16F7-4668-BE54-9A1E7A4F7556}") = "Theta.Platform.Order.Management.Service.Tests", "Theta.Platform.Order.Management.Service.Tests\Theta.Platform.Order.Management.Service.Tests.csproj", "{C8B89621-54E8-4B13-A646-37F5C4545512}"
EndProject
Project("{9A19103F-16F7-4668-BE54-9A1E7A4F7556}") = "Theta.Paltform.Order.Read.Service", "Theta.Paltform.Order.Read.Service\Theta.Paltform.Order.Read.Service.csproj", "{D3AFF549-D82E-4F2D-8F2D-6F436AC25A65}"
EndProject
Project("{9A19103F-16F7-4668-BE54-9A1E7A4F7556}") = "Theta.Platform.Order.Seed.Console", "Theta.Platform.Order.Seed.Console\Theta.Platform.Order.Seed.Console.csproj", "{B390F4FD-B34F-45B8-803E-99845EC0BAD1}"
EndProject
Project("{2150E333-8FDC-42A3-9474-1A3956D46DE8}") = "0_ New", "0_ New", "{15B67CC8-55F9-4380-9571-9F7C929C2981}"
EndProject
Project("{9A19103F-16F7-4668-BE54-9A1E7A4F7556}") = "Theta.Platform.Messaging", "..\Theta.Platform.EventSourcing.Common\Theta.Platform.Messaging.csproj", "{71C41B7D-FE01-4573-A0A5-02F1FE57C587}"
EndProject
Project("{9A19103F-16F7-4668-BE54-9A1E7A4F7556}") = "Theta.Platform.Messaging.ServiceBus", "Theta.Platform.Messaging.ServiceBus\Theta.Platform.Messaging.ServiceBus.csproj", "{397F3951-822B-484C-865B-33A9898CC415}"
EndProject
Project("{9A19103F-16F7-4668-BE54-9A1E7A4F7556}") = "Theta.Platform.Messaging.ServiceBus.Tests", "Theta.Platform.Messaging.ServiceBus.Tests\Theta.Platform.Messaging.ServiceBus.Tests.csproj", "{91509EBD-AE97-49A9-ACF7-DDA3F29CC8C1}"
EndProject
Project("{FAE04EC0-301F-11D3-BF4B-00C04F79EFBC}") = "Theta.Platform.Messaging.EventStore", "..\Theta.Platform.Messaging.EventStore\Theta.Platform.Messaging.EventStore.csproj", "{AFDEC544-DCD0-41CE-A6F9-9C174FE55220}"
EndProject
Project("{9A19103F-16F7-4668-BE54-9A1E7A4F7556}") = "DomainRepresentation", "DomainRepresentation\DomainRepresentation.csproj", "{AE573D03-3E1D-41DB-A68C-5DFAAA750BF4}"
EndProject
Project("{FAE04EC0-301F-11D3-BF4B-00C04F79EFBC}") = "Theta.Platform.Domain", "Theta.Platform.Domain\Theta.Platform.Domain.csproj", "{A6026B40-5152-4852-8840-60B183C3F38A}"
EndProject
Global
	GlobalSection(SolutionConfigurationPlatforms) = preSolution
		Debug|Any CPU = Debug|Any CPU
		Release|Any CPU = Release|Any CPU
	EndGlobalSection
	GlobalSection(ProjectConfigurationPlatforms) = postSolution
		{9F003029-736E-42A7-9ACF-AD11B0795D8D}.Debug|Any CPU.ActiveCfg = Debug|Any CPU
		{9F003029-736E-42A7-9ACF-AD11B0795D8D}.Debug|Any CPU.Build.0 = Debug|Any CPU
		{9F003029-736E-42A7-9ACF-AD11B0795D8D}.Release|Any CPU.ActiveCfg = Release|Any CPU
		{9F003029-736E-42A7-9ACF-AD11B0795D8D}.Release|Any CPU.Build.0 = Release|Any CPU
		{35D0BD80-6443-478B-8F45-D916BBD0FD2D}.Debug|Any CPU.ActiveCfg = Debug|Any CPU
		{35D0BD80-6443-478B-8F45-D916BBD0FD2D}.Debug|Any CPU.Build.0 = Debug|Any CPU
		{35D0BD80-6443-478B-8F45-D916BBD0FD2D}.Release|Any CPU.ActiveCfg = Release|Any CPU
		{35D0BD80-6443-478B-8F45-D916BBD0FD2D}.Release|Any CPU.Build.0 = Release|Any CPU
		{C0DDDDC7-DD3C-4DCF-BD76-8D0178929C55}.Debug|Any CPU.ActiveCfg = Debug|Any CPU
		{C0DDDDC7-DD3C-4DCF-BD76-8D0178929C55}.Debug|Any CPU.Build.0 = Debug|Any CPU
		{C0DDDDC7-DD3C-4DCF-BD76-8D0178929C55}.Release|Any CPU.ActiveCfg = Release|Any CPU
		{C0DDDDC7-DD3C-4DCF-BD76-8D0178929C55}.Release|Any CPU.Build.0 = Release|Any CPU
		{311C88FF-0F4D-4D74-A9AD-9027D5AD7F5F}.Debug|Any CPU.ActiveCfg = Debug|Any CPU
		{311C88FF-0F4D-4D74-A9AD-9027D5AD7F5F}.Debug|Any CPU.Build.0 = Debug|Any CPU
		{311C88FF-0F4D-4D74-A9AD-9027D5AD7F5F}.Release|Any CPU.ActiveCfg = Release|Any CPU
		{311C88FF-0F4D-4D74-A9AD-9027D5AD7F5F}.Release|Any CPU.Build.0 = Release|Any CPU
		{6F9B2E36-D109-4969-954C-6D69682C0C5E}.Debug|Any CPU.ActiveCfg = Debug|Any CPU
		{6F9B2E36-D109-4969-954C-6D69682C0C5E}.Debug|Any CPU.Build.0 = Debug|Any CPU
		{6F9B2E36-D109-4969-954C-6D69682C0C5E}.Release|Any CPU.ActiveCfg = Release|Any CPU
		{6F9B2E36-D109-4969-954C-6D69682C0C5E}.Release|Any CPU.Build.0 = Release|Any CPU
		{83A4335C-CEEC-4EAB-8FA0-649ED78B9800}.Debug|Any CPU.ActiveCfg = Debug|Any CPU
		{83A4335C-CEEC-4EAB-8FA0-649ED78B9800}.Debug|Any CPU.Build.0 = Debug|Any CPU
		{83A4335C-CEEC-4EAB-8FA0-649ED78B9800}.Release|Any CPU.ActiveCfg = Release|Any CPU
		{83A4335C-CEEC-4EAB-8FA0-649ED78B9800}.Release|Any CPU.Build.0 = Release|Any CPU
		{9C45EB77-9267-4C3A-BCDD-CEED99D7DB3A}.Debug|Any CPU.ActiveCfg = Debug|Any CPU
		{9C45EB77-9267-4C3A-BCDD-CEED99D7DB3A}.Debug|Any CPU.Build.0 = Debug|Any CPU
		{9C45EB77-9267-4C3A-BCDD-CEED99D7DB3A}.Release|Any CPU.ActiveCfg = Release|Any CPU
		{9C45EB77-9267-4C3A-BCDD-CEED99D7DB3A}.Release|Any CPU.Build.0 = Release|Any CPU
		{1764CC43-0707-4438-97F9-DECBB6DDED8A}.Debug|Any CPU.ActiveCfg = Debug|Any CPU
		{1764CC43-0707-4438-97F9-DECBB6DDED8A}.Debug|Any CPU.Build.0 = Debug|Any CPU
		{1764CC43-0707-4438-97F9-DECBB6DDED8A}.Release|Any CPU.ActiveCfg = Release|Any CPU
		{1764CC43-0707-4438-97F9-DECBB6DDED8A}.Release|Any CPU.Build.0 = Release|Any CPU
		{C8B89621-54E8-4B13-A646-37F5C4545512}.Debug|Any CPU.ActiveCfg = Debug|Any CPU
		{C8B89621-54E8-4B13-A646-37F5C4545512}.Debug|Any CPU.Build.0 = Debug|Any CPU
		{C8B89621-54E8-4B13-A646-37F5C4545512}.Release|Any CPU.ActiveCfg = Release|Any CPU
		{C8B89621-54E8-4B13-A646-37F5C4545512}.Release|Any CPU.Build.0 = Release|Any CPU
		{D3AFF549-D82E-4F2D-8F2D-6F436AC25A65}.Debug|Any CPU.ActiveCfg = Debug|Any CPU
		{D3AFF549-D82E-4F2D-8F2D-6F436AC25A65}.Debug|Any CPU.Build.0 = Debug|Any CPU
		{D3AFF549-D82E-4F2D-8F2D-6F436AC25A65}.Release|Any CPU.ActiveCfg = Release|Any CPU
		{D3AFF549-D82E-4F2D-8F2D-6F436AC25A65}.Release|Any CPU.Build.0 = Release|Any CPU
		{B390F4FD-B34F-45B8-803E-99845EC0BAD1}.Debug|Any CPU.ActiveCfg = Debug|Any CPU
		{B390F4FD-B34F-45B8-803E-99845EC0BAD1}.Debug|Any CPU.Build.0 = Debug|Any CPU
		{B390F4FD-B34F-45B8-803E-99845EC0BAD1}.Release|Any CPU.ActiveCfg = Release|Any CPU
		{B390F4FD-B34F-45B8-803E-99845EC0BAD1}.Release|Any CPU.Build.0 = Release|Any CPU
		{71C41B7D-FE01-4573-A0A5-02F1FE57C587}.Debug|Any CPU.ActiveCfg = Debug|Any CPU
		{71C41B7D-FE01-4573-A0A5-02F1FE57C587}.Debug|Any CPU.Build.0 = Debug|Any CPU
		{71C41B7D-FE01-4573-A0A5-02F1FE57C587}.Release|Any CPU.ActiveCfg = Release|Any CPU
		{71C41B7D-FE01-4573-A0A5-02F1FE57C587}.Release|Any CPU.Build.0 = Release|Any CPU
		{397F3951-822B-484C-865B-33A9898CC415}.Debug|Any CPU.ActiveCfg = Debug|Any CPU
		{397F3951-822B-484C-865B-33A9898CC415}.Debug|Any CPU.Build.0 = Debug|Any CPU
		{397F3951-822B-484C-865B-33A9898CC415}.Release|Any CPU.ActiveCfg = Release|Any CPU
		{397F3951-822B-484C-865B-33A9898CC415}.Release|Any CPU.Build.0 = Release|Any CPU
		{91509EBD-AE97-49A9-ACF7-DDA3F29CC8C1}.Debug|Any CPU.ActiveCfg = Debug|Any CPU
		{91509EBD-AE97-49A9-ACF7-DDA3F29CC8C1}.Debug|Any CPU.Build.0 = Debug|Any CPU
		{91509EBD-AE97-49A9-ACF7-DDA3F29CC8C1}.Release|Any CPU.ActiveCfg = Release|Any CPU
		{91509EBD-AE97-49A9-ACF7-DDA3F29CC8C1}.Release|Any CPU.Build.0 = Release|Any CPU
		{AFDEC544-DCD0-41CE-A6F9-9C174FE55220}.Debug|Any CPU.ActiveCfg = Debug|Any CPU
		{AFDEC544-DCD0-41CE-A6F9-9C174FE55220}.Debug|Any CPU.Build.0 = Debug|Any CPU
		{AFDEC544-DCD0-41CE-A6F9-9C174FE55220}.Release|Any CPU.ActiveCfg = Release|Any CPU
		{AFDEC544-DCD0-41CE-A6F9-9C174FE55220}.Release|Any CPU.Build.0 = Release|Any CPU
		{AE573D03-3E1D-41DB-A68C-5DFAAA750BF4}.Debug|Any CPU.ActiveCfg = Debug|Any CPU
		{AE573D03-3E1D-41DB-A68C-5DFAAA750BF4}.Debug|Any CPU.Build.0 = Debug|Any CPU
		{AE573D03-3E1D-41DB-A68C-5DFAAA750BF4}.Release|Any CPU.ActiveCfg = Release|Any CPU
		{AE573D03-3E1D-41DB-A68C-5DFAAA750BF4}.Release|Any CPU.Build.0 = Release|Any CPU
		{A6026B40-5152-4852-8840-60B183C3F38A}.Debug|Any CPU.ActiveCfg = Debug|Any CPU
		{A6026B40-5152-4852-8840-60B183C3F38A}.Debug|Any CPU.Build.0 = Debug|Any CPU
		{A6026B40-5152-4852-8840-60B183C3F38A}.Release|Any CPU.ActiveCfg = Release|Any CPU
		{A6026B40-5152-4852-8840-60B183C3F38A}.Release|Any CPU.Build.0 = Release|Any CPU
	EndGlobalSection
	GlobalSection(SolutionProperties) = preSolution
		HideSolutionNode = FALSE
	EndGlobalSection
	GlobalSection(NestedProjects) = preSolution
		{809AA02E-5650-4BD9-B9F9-D04B04BD9A56} = {74E6E762-1A8B-4E04-9D52-1786E10280CD}
		{9F003029-736E-42A7-9ACF-AD11B0795D8D} = {809AA02E-5650-4BD9-B9F9-D04B04BD9A56}
		{35D0BD80-6443-478B-8F45-D916BBD0FD2D} = {809AA02E-5650-4BD9-B9F9-D04B04BD9A56}
		{311C88FF-0F4D-4D74-A9AD-9027D5AD7F5F} = {809AA02E-5650-4BD9-B9F9-D04B04BD9A56}
		{6F9B2E36-D109-4969-954C-6D69682C0C5E} = {809AA02E-5650-4BD9-B9F9-D04B04BD9A56}
		{83A4335C-CEEC-4EAB-8FA0-649ED78B9800} = {809AA02E-5650-4BD9-B9F9-D04B04BD9A56}
		{9C45EB77-9267-4C3A-BCDD-CEED99D7DB3A} = {809AA02E-5650-4BD9-B9F9-D04B04BD9A56}
		{71C41B7D-FE01-4573-A0A5-02F1FE57C587} = {15B67CC8-55F9-4380-9571-9F7C929C2981}
		{397F3951-822B-484C-865B-33A9898CC415} = {15B67CC8-55F9-4380-9571-9F7C929C2981}
		{91509EBD-AE97-49A9-ACF7-DDA3F29CC8C1} = {15B67CC8-55F9-4380-9571-9F7C929C2981}
		{AFDEC544-DCD0-41CE-A6F9-9C174FE55220} = {15B67CC8-55F9-4380-9571-9F7C929C2981}
		{AE573D03-3E1D-41DB-A68C-5DFAAA750BF4} = {15B67CC8-55F9-4380-9571-9F7C929C2981}
		{A6026B40-5152-4852-8840-60B183C3F38A} = {15B67CC8-55F9-4380-9571-9F7C929C2981}
	EndGlobalSection
	GlobalSection(ExtensibilityGlobals) = postSolution
		SolutionGuid = {0466CF9F-7513-4BB0-B64D-05ED8BF8B0D4}
	EndGlobalSection
EndGlobal
