
Microsoft Visual Studio Solution File, Format Version 12.00
# Visual Studio 15
VisualStudioVersion = 15.0.28307.106
MinimumVisualStudioVersion = 10.0.40219.1
Project("{2150E333-8FDC-42A3-9474-1A3956D46DE8}") = "UI", "UI", "{74E6E762-1A8B-4E04-9D52-1786E10280CD}"
EndProject
Project("{9A19103F-16F7-4668-BE54-9A1E7A4F7556}") = "Theta.Platform.UI.Orders.API", "Theta.Platform.UI.Orders.API\Theta.Platform.UI.Orders.API.csproj", "{9F003029-736E-42A7-9ACF-AD11B0795D8D}"
EndProject
Project("{9A19103F-16F7-4668-BE54-9A1E7A4F7556}") = "Theta.Platform.UI.Pricing.Streaming", "Theta.Platform.UI.Pricing.Streaming\Theta.Platform.UI.Pricing.Streaming.csproj", "{35D0BD80-6443-478B-8F45-D916BBD0FD2D}"
EndProject
Project("{E53339B2-1760-4266-BCC7-CA923CBCF16C}") = "docker-compose", "docker-compose.dcproj", "{C0DDDDC7-DD3C-4DCF-BD76-8D0178929C55}"
EndProject
Project("{9A19103F-16F7-4668-BE54-9A1E7A4F7556}") = "Theta.Platform.UI.Instruments.API", "Theta.Platform.UI.Instruments.API\Theta.Platform.UI.Instruments.API.csproj", "{311C88FF-0F4D-4D74-A9AD-9027D5AD7F5F}"
EndProject
Project("{9A19103F-16F7-4668-BE54-9A1E7A4F7556}") = "Theta.Platform.UI.Orders.API.Tests", "Theta.Platform.UI.Orders.API.Tests\Theta.Platform.UI.Orders.API.Tests.csproj", "{6F9B2E36-D109-4969-954C-6D69682C0C5E}"
EndProject
Project("{9A19103F-16F7-4668-BE54-9A1E7A4F7556}") = "Theta.Platform.UI.Instruments.API.Tests", "Theta.Platform.UI.Instruments.API.Tests\Theta.Platform.UI.Instruments.API.Tests.csproj", "{83A4335C-CEEC-4EAB-8FA0-649ED78B9800}"
EndProject
Project("{9A19103F-16F7-4668-BE54-9A1E7A4F7556}") = "Theta.Platform.UI.Pricing.Streaming.Tests", "Theta.Platform.UI.Pricing.Streaming.Tests\Theta.Platform.UI.Pricing.Streaming.Tests.csproj", "{9C45EB77-9267-4C3A-BCDD-CEED99D7DB3A}"
EndProject
Project("{9A19103F-16F7-4668-BE54-9A1E7A4F7556}") = "Theta.Platform.Order.Management.Service", "Theta.Platform.Order.Management.Service\Theta.Platform.Order.Management.Service.csproj", "{1764CC43-0707-4438-97F9-DECBB6DDED8A}"
EndProject
Project("{9A19103F-16F7-4668-BE54-9A1E7A4F7556}") = "Theta.Platform.Order.Management.Service.Tests", "Theta.Platform.Order.Management.Service.Tests\Theta.Platform.Order.Management.Service.Tests.csproj", "{C8B89621-54E8-4B13-A646-37F5C4545512}"
EndProject
Project("{9A19103F-16F7-4668-BE54-9A1E7A4F7556}") = "Theta.Platform.Order.Seed.Console", "Theta.Platform.Order.Seed.Console\Theta.Platform.Order.Seed.Console.csproj", "{B390F4FD-B34F-45B8-803E-99845EC0BAD1}"
EndProject
Project("{2150E333-8FDC-42A3-9474-1A3956D46DE8}") = "Core", "Core", "{15B67CC8-55F9-4380-9571-9F7C929C2981}"
EndProject
Project("{9A19103F-16F7-4668-BE54-9A1E7A4F7556}") = "Theta.Platform.Messaging.ServiceBus", "Theta.Platform.Messaging.ServiceBus\Theta.Platform.Messaging.ServiceBus.csproj", "{397F3951-822B-484C-865B-33A9898CC415}"
EndProject
Project("{9A19103F-16F7-4668-BE54-9A1E7A4F7556}") = "Theta.Platform.Messaging.ServiceBus.Tests", "Theta.Platform.Messaging.ServiceBus.Tests\Theta.Platform.Messaging.ServiceBus.Tests.csproj", "{91509EBD-AE97-49A9-ACF7-DDA3F29CC8C1}"
EndProject
Project("{9A19103F-16F7-4668-BE54-9A1E7A4F7556}") = "DomainRepresentation", "DomainRepresentation\DomainRepresentation.csproj", "{AE573D03-3E1D-41DB-A68C-5DFAAA750BF4}"
EndProject
Project("{9A19103F-16F7-4668-BE54-9A1E7A4F7556}") = "Theta.Platform.Domain", "Theta.Platform.Domain\Theta.Platform.Domain.csproj", "{A6026B40-5152-4852-8840-60B183C3F38A}"
EndProject
Project("{9A19103F-16F7-4668-BE54-9A1E7A4F7556}") = "Theta.Platform.Domain.Tests", "Theta.Platform.Domain.Tests\Theta.Platform.Domain.Tests.csproj", "{88E4B0E9-2770-443B-B1B0-E3D558A14FF7}"
EndProject
Project("{9A19103F-16F7-4668-BE54-9A1E7A4F7556}") = "Theta.Platform.Messaging", "Theta.Platform.Messaging\Theta.Platform.Messaging.csproj", "{A9679974-8BB1-4064-86C3-39F07C3422FD}"
EndProject
Project("{9A19103F-16F7-4668-BE54-9A1E7A4F7556}") = "Theta.Platform.Messaging.EventStore", "Theta.Platform.Messaging.EventStore\Theta.Platform.Messaging.EventStore.csproj", "{F576C353-CF39-4554-A6B2-09B3DC7D8C79}"
EndProject
Project("{2150E333-8FDC-42A3-9474-1A3956D46DE8}") = "_Scripts", "_Scripts", "{0811F39E-7F77-4AB0-8046-CE08DB66F438}"
	ProjectSection(SolutionItems) = preProject
		..\scripts\start-event-store-memdb.ps1 = ..\scripts\start-event-store-memdb.ps1
	EndProjectSection
EndProject
Project("{9A19103F-16F7-4668-BE54-9A1E7A4F7556}") = "Theta.Platform.Common", "Theta.Platform.Common\Theta.Platform.Common.csproj", "{ED0A1058-184C-4D0D-A23B-AF18FA668A0F}"
EndProject
Project("{9A19103F-16F7-4668-BE54-9A1E7A4F7556}") = "Theta.Platform.RFQ.Management.Service", "Theta.Platform.RFQ.Management.Service\Theta.Platform.RFQ.Management.Service.csproj", "{554211B9-9DE8-4950-AC2F-A087EE3C3368}"
EndProject
Project("{2150E333-8FDC-42A3-9474-1A3956D46DE8}") = "WebAPI", "WebAPI", "{45D601DC-0B54-454E-A160-F0C22C892903}"
EndProject
Project("{2150E333-8FDC-42A3-9474-1A3956D46DE8}") = "Streaming", "Streaming", "{52915D53-848E-4462-9937-370DE9EE9CF2}"
EndProject
Project("{2150E333-8FDC-42A3-9474-1A3956D46DE8}") = "Common", "Common", "{E016A9F9-08D0-44FE-B2FF-1FA8F705EC05}"
EndProject
Project("{9A19103F-16F7-4668-BE54-9A1E7A4F7556}") = "Theta.Platform.RFQ.Management.Service.Tests", "Theta.Platform.RFQ.Management.Service.Tests\Theta.Platform.RFQ.Management.Service.Tests.csproj", "{CFDCEDDF-1480-4DCC-BCE9-6B5B3A39C1F2}"
EndProject
Global
	GlobalSection(SolutionConfigurationPlatforms) = preSolution
		Debug|Any CPU = Debug|Any CPU
		Release|Any CPU = Release|Any CPU
	EndGlobalSection
	GlobalSection(ProjectConfigurationPlatforms) = postSolution
		{9F003029-736E-42A7-9ACF-AD11B0795D8D}.Debug|Any CPU.ActiveCfg = Debug|Any CPU
		{9F003029-736E-42A7-9ACF-AD11B0795D8D}.Debug|Any CPU.Build.0 = Debug|Any CPU
		{9F003029-736E-42A7-9ACF-AD11B0795D8D}.Release|Any CPU.ActiveCfg = Release|Any CPU
		{9F003029-736E-42A7-9ACF-AD11B0795D8D}.Release|Any CPU.Build.0 = Release|Any CPU
		{35D0BD80-6443-478B-8F45-D916BBD0FD2D}.Debug|Any CPU.ActiveCfg = Debug|Any CPU
		{35D0BD80-6443-478B-8F45-D916BBD0FD2D}.Debug|Any CPU.Build.0 = Debug|Any CPU
		{35D0BD80-6443-478B-8F45-D916BBD0FD2D}.Release|Any CPU.ActiveCfg = Release|Any CPU
		{35D0BD80-6443-478B-8F45-D916BBD0FD2D}.Release|Any CPU.Build.0 = Release|Any CPU
		{C0DDDDC7-DD3C-4DCF-BD76-8D0178929C55}.Debug|Any CPU.ActiveCfg = Debug|Any CPU
		{C0DDDDC7-DD3C-4DCF-BD76-8D0178929C55}.Debug|Any CPU.Build.0 = Debug|Any CPU
		{C0DDDDC7-DD3C-4DCF-BD76-8D0178929C55}.Release|Any CPU.ActiveCfg = Release|Any CPU
		{C0DDDDC7-DD3C-4DCF-BD76-8D0178929C55}.Release|Any CPU.Build.0 = Release|Any CPU
		{311C88FF-0F4D-4D74-A9AD-9027D5AD7F5F}.Debug|Any CPU.ActiveCfg = Debug|Any CPU
		{311C88FF-0F4D-4D74-A9AD-9027D5AD7F5F}.Debug|Any CPU.Build.0 = Debug|Any CPU
		{311C88FF-0F4D-4D74-A9AD-9027D5AD7F5F}.Release|Any CPU.ActiveCfg = Release|Any CPU
		{311C88FF-0F4D-4D74-A9AD-9027D5AD7F5F}.Release|Any CPU.Build.0 = Release|Any CPU
		{6F9B2E36-D109-4969-954C-6D69682C0C5E}.Debug|Any CPU.ActiveCfg = Debug|Any CPU
		{6F9B2E36-D109-4969-954C-6D69682C0C5E}.Debug|Any CPU.Build.0 = Debug|Any CPU
		{6F9B2E36-D109-4969-954C-6D69682C0C5E}.Release|Any CPU.ActiveCfg = Release|Any CPU
		{6F9B2E36-D109-4969-954C-6D69682C0C5E}.Release|Any CPU.Build.0 = Release|Any CPU
		{83A4335C-CEEC-4EAB-8FA0-649ED78B9800}.Debug|Any CPU.ActiveCfg = Debug|Any CPU
		{83A4335C-CEEC-4EAB-8FA0-649ED78B9800}.Debug|Any CPU.Build.0 = Debug|Any CPU
		{83A4335C-CEEC-4EAB-8FA0-649ED78B9800}.Release|Any CPU.ActiveCfg = Release|Any CPU
		{83A4335C-CEEC-4EAB-8FA0-649ED78B9800}.Release|Any CPU.Build.0 = Release|Any CPU
		{9C45EB77-9267-4C3A-BCDD-CEED99D7DB3A}.Debug|Any CPU.ActiveCfg = Debug|Any CPU
		{9C45EB77-9267-4C3A-BCDD-CEED99D7DB3A}.Debug|Any CPU.Build.0 = Debug|Any CPU
		{9C45EB77-9267-4C3A-BCDD-CEED99D7DB3A}.Release|Any CPU.ActiveCfg = Release|Any CPU
		{9C45EB77-9267-4C3A-BCDD-CEED99D7DB3A}.Release|Any CPU.Build.0 = Release|Any CPU
		{1764CC43-0707-4438-97F9-DECBB6DDED8A}.Debug|Any CPU.ActiveCfg = Debug|Any CPU
		{1764CC43-0707-4438-97F9-DECBB6DDED8A}.Debug|Any CPU.Build.0 = Debug|Any CPU
		{1764CC43-0707-4438-97F9-DECBB6DDED8A}.Release|Any CPU.ActiveCfg = Release|Any CPU
		{1764CC43-0707-4438-97F9-DECBB6DDED8A}.Release|Any CPU.Build.0 = Release|Any CPU
		{C8B89621-54E8-4B13-A646-37F5C4545512}.Debug|Any CPU.ActiveCfg = Debug|Any CPU
		{C8B89621-54E8-4B13-A646-37F5C4545512}.Debug|Any CPU.Build.0 = Debug|Any CPU
		{C8B89621-54E8-4B13-A646-37F5C4545512}.Release|Any CPU.ActiveCfg = Release|Any CPU
		{C8B89621-54E8-4B13-A646-37F5C4545512}.Release|Any CPU.Build.0 = Release|Any CPU
		{B390F4FD-B34F-45B8-803E-99845EC0BAD1}.Debug|Any CPU.ActiveCfg = Debug|Any CPU
		{B390F4FD-B34F-45B8-803E-99845EC0BAD1}.Debug|Any CPU.Build.0 = Debug|Any CPU
		{B390F4FD-B34F-45B8-803E-99845EC0BAD1}.Release|Any CPU.ActiveCfg = Release|Any CPU
		{B390F4FD-B34F-45B8-803E-99845EC0BAD1}.Release|Any CPU.Build.0 = Release|Any CPU
		{397F3951-822B-484C-865B-33A9898CC415}.Debug|Any CPU.ActiveCfg = Debug|Any CPU
		{397F3951-822B-484C-865B-33A9898CC415}.Debug|Any CPU.Build.0 = Debug|Any CPU
		{397F3951-822B-484C-865B-33A9898CC415}.Release|Any CPU.ActiveCfg = Release|Any CPU
		{397F3951-822B-484C-865B-33A9898CC415}.Release|Any CPU.Build.0 = Release|Any CPU
		{91509EBD-AE97-49A9-ACF7-DDA3F29CC8C1}.Debug|Any CPU.ActiveCfg = Debug|Any CPU
		{91509EBD-AE97-49A9-ACF7-DDA3F29CC8C1}.Debug|Any CPU.Build.0 = Debug|Any CPU
		{91509EBD-AE97-49A9-ACF7-DDA3F29CC8C1}.Release|Any CPU.ActiveCfg = Release|Any CPU
		{91509EBD-AE97-49A9-ACF7-DDA3F29CC8C1}.Release|Any CPU.Build.0 = Release|Any CPU
		{AE573D03-3E1D-41DB-A68C-5DFAAA750BF4}.Debug|Any CPU.ActiveCfg = Debug|Any CPU
		{AE573D03-3E1D-41DB-A68C-5DFAAA750BF4}.Debug|Any CPU.Build.0 = Debug|Any CPU
		{AE573D03-3E1D-41DB-A68C-5DFAAA750BF4}.Release|Any CPU.ActiveCfg = Release|Any CPU
		{AE573D03-3E1D-41DB-A68C-5DFAAA750BF4}.Release|Any CPU.Build.0 = Release|Any CPU
		{A6026B40-5152-4852-8840-60B183C3F38A}.Debug|Any CPU.ActiveCfg = Debug|Any CPU
		{A6026B40-5152-4852-8840-60B183C3F38A}.Debug|Any CPU.Build.0 = Debug|Any CPU
		{A6026B40-5152-4852-8840-60B183C3F38A}.Release|Any CPU.ActiveCfg = Release|Any CPU
		{A6026B40-5152-4852-8840-60B183C3F38A}.Release|Any CPU.Build.0 = Release|Any CPU
		{88E4B0E9-2770-443B-B1B0-E3D558A14FF7}.Debug|Any CPU.ActiveCfg = Debug|Any CPU
		{88E4B0E9-2770-443B-B1B0-E3D558A14FF7}.Debug|Any CPU.Build.0 = Debug|Any CPU
		{88E4B0E9-2770-443B-B1B0-E3D558A14FF7}.Release|Any CPU.ActiveCfg = Release|Any CPU
		{88E4B0E9-2770-443B-B1B0-E3D558A14FF7}.Release|Any CPU.Build.0 = Release|Any CPU
		{A9679974-8BB1-4064-86C3-39F07C3422FD}.Debug|Any CPU.ActiveCfg = Debug|Any CPU
		{A9679974-8BB1-4064-86C3-39F07C3422FD}.Debug|Any CPU.Build.0 = Debug|Any CPU
		{A9679974-8BB1-4064-86C3-39F07C3422FD}.Release|Any CPU.ActiveCfg = Release|Any CPU
		{A9679974-8BB1-4064-86C3-39F07C3422FD}.Release|Any CPU.Build.0 = Release|Any CPU
		{F576C353-CF39-4554-A6B2-09B3DC7D8C79}.Debug|Any CPU.ActiveCfg = Debug|Any CPU
		{F576C353-CF39-4554-A6B2-09B3DC7D8C79}.Debug|Any CPU.Build.0 = Debug|Any CPU
		{F576C353-CF39-4554-A6B2-09B3DC7D8C79}.Release|Any CPU.ActiveCfg = Release|Any CPU
		{F576C353-CF39-4554-A6B2-09B3DC7D8C79}.Release|Any CPU.Build.0 = Release|Any CPU
		{ED0A1058-184C-4D0D-A23B-AF18FA668A0F}.Debug|Any CPU.ActiveCfg = Debug|Any CPU
		{ED0A1058-184C-4D0D-A23B-AF18FA668A0F}.Debug|Any CPU.Build.0 = Debug|Any CPU
		{ED0A1058-184C-4D0D-A23B-AF18FA668A0F}.Release|Any CPU.ActiveCfg = Release|Any CPU
		{ED0A1058-184C-4D0D-A23B-AF18FA668A0F}.Release|Any CPU.Build.0 = Release|Any CPU
		{554211B9-9DE8-4950-AC2F-A087EE3C3368}.Debug|Any CPU.ActiveCfg = Debug|Any CPU
		{554211B9-9DE8-4950-AC2F-A087EE3C3368}.Debug|Any CPU.Build.0 = Debug|Any CPU
		{554211B9-9DE8-4950-AC2F-A087EE3C3368}.Release|Any CPU.ActiveCfg = Release|Any CPU
		{554211B9-9DE8-4950-AC2F-A087EE3C3368}.Release|Any CPU.Build.0 = Release|Any CPU
		{CFDCEDDF-1480-4DCC-BCE9-6B5B3A39C1F2}.Debug|Any CPU.ActiveCfg = Debug|Any CPU
		{CFDCEDDF-1480-4DCC-BCE9-6B5B3A39C1F2}.Debug|Any CPU.Build.0 = Debug|Any CPU
		{CFDCEDDF-1480-4DCC-BCE9-6B5B3A39C1F2}.Release|Any CPU.ActiveCfg = Release|Any CPU
		{CFDCEDDF-1480-4DCC-BCE9-6B5B3A39C1F2}.Release|Any CPU.Build.0 = Release|Any CPU
	EndGlobalSection
	GlobalSection(SolutionProperties) = preSolution
		HideSolutionNode = FALSE
	EndGlobalSection
	GlobalSection(NestedProjects) = preSolution
		{9F003029-736E-42A7-9ACF-AD11B0795D8D} = {45D601DC-0B54-454E-A160-F0C22C892903}
		{35D0BD80-6443-478B-8F45-D916BBD0FD2D} = {52915D53-848E-4462-9937-370DE9EE9CF2}
		{311C88FF-0F4D-4D74-A9AD-9027D5AD7F5F} = {45D601DC-0B54-454E-A160-F0C22C892903}
		{6F9B2E36-D109-4969-954C-6D69682C0C5E} = {45D601DC-0B54-454E-A160-F0C22C892903}
		{83A4335C-CEEC-4EAB-8FA0-649ED78B9800} = {45D601DC-0B54-454E-A160-F0C22C892903}
		{9C45EB77-9267-4C3A-BCDD-CEED99D7DB3A} = {52915D53-848E-4462-9937-370DE9EE9CF2}
		{1764CC43-0707-4438-97F9-DECBB6DDED8A} = {15B67CC8-55F9-4380-9571-9F7C929C2981}
		{C8B89621-54E8-4B13-A646-37F5C4545512} = {15B67CC8-55F9-4380-9571-9F7C929C2981}
		{B390F4FD-B34F-45B8-803E-99845EC0BAD1} = {15B67CC8-55F9-4380-9571-9F7C929C2981}
		{397F3951-822B-484C-865B-33A9898CC415} = {E016A9F9-08D0-44FE-B2FF-1FA8F705EC05}
		{91509EBD-AE97-49A9-ACF7-DDA3F29CC8C1} = {E016A9F9-08D0-44FE-B2FF-1FA8F705EC05}
		{AE573D03-3E1D-41DB-A68C-5DFAAA750BF4} = {E016A9F9-08D0-44FE-B2FF-1FA8F705EC05}
		{A6026B40-5152-4852-8840-60B183C3F38A} = {E016A9F9-08D0-44FE-B2FF-1FA8F705EC05}
		{88E4B0E9-2770-443B-B1B0-E3D558A14FF7} = {E016A9F9-08D0-44FE-B2FF-1FA8F705EC05}
		{A9679974-8BB1-4064-86C3-39F07C3422FD} = {E016A9F9-08D0-44FE-B2FF-1FA8F705EC05}
		{F576C353-CF39-4554-A6B2-09B3DC7D8C79} = {E016A9F9-08D0-44FE-B2FF-1FA8F705EC05}
		{ED0A1058-184C-4D0D-A23B-AF18FA668A0F} = {E016A9F9-08D0-44FE-B2FF-1FA8F705EC05}
		{554211B9-9DE8-4950-AC2F-A087EE3C3368} = {15B67CC8-55F9-4380-9571-9F7C929C2981}
		{45D601DC-0B54-454E-A160-F0C22C892903} = {74E6E762-1A8B-4E04-9D52-1786E10280CD}
		{52915D53-848E-4462-9937-370DE9EE9CF2} = {74E6E762-1A8B-4E04-9D52-1786E10280CD}
		{CFDCEDDF-1480-4DCC-BCE9-6B5B3A39C1F2} = {15B67CC8-55F9-4380-9571-9F7C929C2981}
	EndGlobalSection
	GlobalSection(ExtensibilityGlobals) = postSolution
		SolutionGuid = {0466CF9F-7513-4BB0-B64D-05ED8BF8B0D4}
	EndGlobalSection
EndGlobal
